{
  "name": "sommouns-cli",
  "version": "1.0.0",
  "lockfileVersion": 1,
  "requires": true,
  "dependencies": {
    "acorn": {
      "version": "7.3.1",
      "resolved": "https://registry.npm.taobao.org/acorn/download/acorn-7.3.1.tgz?cache=0&sync_timestamp=1591869466711&other_urls=https%3A%2F%2Fregistry.npm.taobao.org%2Facorn%2Fdownload%2Facorn-7.3.1.tgz",
      "dev": true
    },
    "debug": {
      "version": "4.1.1",
      "resolved": "https://registry.npm.taobao.org/debug/download/debug-4.1.1.tgz",
      "dev": true,
      "dependencies": {
        "ms": {
          "version": "https://registry.npm.taobao.org/ms/download/ms-2.1.2.tgz",
          "bundled": true
        }
      }
    },
    "eslint": {
      "version": "7.3.1",
      "resolved": "https://registry.npm.taobao.org/eslint/download/eslint-7.3.1.tgz?cache=0&sync_timestamp=1592878272780&other_urls=https%3A%2F%2Fregistry.npm.taobao.org%2Feslint%2Fdownload%2Feslint-7.3.1.tgz",
      "dev": true,
      "requires": {
        "debug": "^4.0.1",
        "eslint-scope": "^5.1.0",
        "eslint-visitor-keys": "^1.2.0",
        "natural-compare": "^1.4.0"
      },
      "dependencies": {
        "@babel/code-frame": {
          "version": "https://registry.npm.taobao.org/@babel/code-frame/download/@babel/code-frame-7.10.4.tgz?cache=0&sync_timestamp=1593524317158&other_urls=https%3A%2F%2Fregistry.npm.taobao.org%2F%40babel%2Fcode-frame%2Fdownload%2F%40babel%2Fcode-frame-7.10.4.tgz",
          "bundled": true,
          "dependencies": {
            "@babel/highlight": {
              "version": "https://registry.npm.taobao.org/@babel/highlight/download/@babel/highlight-7.10.4.tgz",
              "bundled": true
            }
          }
        },
        "ajv": {
          "version": "https://registry.npm.taobao.org/ajv/download/ajv-6.12.2.tgz?cache=0&sync_timestamp=1587339911109&other_urls=https%3A%2F%2Fregistry.npm.taobao.org%2Fajv%2Fdownload%2Fajv-6.12.2.tgz",
          "bundled": true,
          "dependencies": {
            "fast-deep-equal": {
              "version": "https://registry.npm.taobao.org/fast-deep-equal/download/fast-deep-equal-3.1.3.tgz?cache=0&sync_timestamp=1591599659970&other_urls=https%3A%2F%2Fregistry.npm.taobao.org%2Ffast-deep-equal%2Fdownload%2Ffast-deep-equal-3.1.3.tgz"
            },
            "fast-json-stable-stringify": {
              "version": "https://registry.npm.taobao.org/fast-json-stable-stringify/download/fast-json-stable-stringify-2.1.0.tgz"
            },
            "json-schema-traverse": {
              "version": "https://registry.npm.taobao.org/json-schema-traverse/download/json-schema-traverse-0.4.1.tgz"
            },
            "uri-js": {
              "version": "https://registry.npm.taobao.org/uri-js/download/uri-js-4.2.2.tgz"
            }
          }
        },
        "chalk": {
          "version": "https://registry.npm.taobao.org/chalk/download/chalk-4.1.0.tgz?cache=0&sync_timestamp=1591687028262&other_urls=https%3A%2F%2Fregistry.npm.taobao.org%2Fchalk%2Fdownload%2Fchalk-4.1.0.tgz",
          "bundled": true
        },
        "cross-spawn": {
          "version": "https://registry.npm.taobao.org/cross-spawn/download/cross-spawn-7.0.3.tgz",
          "bundled": true
        },
        "debug": {
          "version": "https://registry.npm.taobao.org/debug/download/debug-4.1.1.tgz",
          "bundled": true
        },
        "doctrine": {
          "version": "https://registry.npm.taobao.org/doctrine/download/doctrine-3.0.0.tgz",
          "bundled": true
        },
        "enquirer": {
          "version": "https://registry.npm.taobao.org/enquirer/download/enquirer-2.3.5.tgz",
          "bundled": true
        },
        "eslint-scope": {
          "version": "https://registry.npm.taobao.org/eslint-scope/download/eslint-scope-5.1.0.tgz?cache=0&sync_timestamp=1591269986906&other_urls=https%3A%2F%2Fregistry.npm.taobao.org%2Feslint-scope%2Fdownload%2Feslint-scope-5.1.0.tgz",
          "bundled": true
        },
        "eslint-utils": {
          "version": "https://registry.npm.taobao.org/eslint-utils/download/eslint-utils-2.1.0.tgz?cache=0&sync_timestamp=1592222145079&other_urls=https%3A%2F%2Fregistry.npm.taobao.org%2Feslint-utils%2Fdownload%2Feslint-utils-2.1.0.tgz",
          "bundled": true
        },
        "eslint-visitor-keys": {
          "version": "https://registry.npm.taobao.org/eslint-visitor-keys/download/eslint-visitor-keys-1.3.0.tgz?cache=0&sync_timestamp=1592583183037&other_urls=https%3A%2F%2Fregistry.npm.taobao.org%2Feslint-visitor-keys%2Fdownload%2Feslint-visitor-keys-1.3.0.tgz",
          "bundled": true
        },
        "espree": {
          "version": "https://registry.npm.taobao.org/espree/download/espree-7.1.0.tgz?cache=0&sync_timestamp=1591269387241&other_urls=https%3A%2F%2Fregistry.npm.taobao.org%2Fespree%2Fdownload%2Fespree-7.1.0.tgz",
          "bundled": true
        },
        "esquery": {
          "version": "https://registry.npm.taobao.org/esquery/download/esquery-1.3.1.tgz?cache=0&other_urls=https%3A%2F%2Fregistry.npm.taobao.org%2Fesquery%2Fdownload%2Fesquery-1.3.1.tgz",
          "bundled": true
        },
        "esutils": {
          "version": "https://registry.npm.taobao.org/esutils/download/esutils-2.0.3.tgz",
          "bundled": true
        },
        "file-entry-cache": {
          "version": "https://registry.npm.taobao.org/file-entry-cache/download/file-entry-cache-5.0.1.tgz",
          "bundled": true
        },
        "functional-red-black-tree": {
          "version": "https://registry.npm.taobao.org/functional-red-black-tree/download/functional-red-black-tree-1.0.1.tgz",
          "bundled": true
        },
        "glob-parent": {
          "version": "https://registry.npm.taobao.org/glob-parent/download/glob-parent-5.1.1.tgz",
          "bundled": true
        },
        "globals": {
          "version": "https://registry.npm.taobao.org/globals/download/globals-12.4.0.tgz",
          "bundled": true
        },
        "ignore": {
          "version": "https://registry.npm.taobao.org/ignore/download/ignore-4.0.6.tgz?cache=0&sync_timestamp=1590809380232&other_urls=https%3A%2F%2Fregistry.npm.taobao.org%2Fignore%2Fdownload%2Fignore-4.0.6.tgz",
          "bundled": true
        },
        "import-fresh": {
          "version": "https://registry.npm.taobao.org/import-fresh/download/import-fresh-3.2.1.tgz",
          "bundled": true,
          "dependencies": {
            "parent-module": {
              "version": "https://registry.npm.taobao.org/parent-module/download/parent-module-1.0.1.tgz",
              "bundled": true
            },
            "resolve-from": {
              "version": "https://registry.npm.taobao.org/resolve-from/download/resolve-from-4.0.0.tgz",
              "bundled": true
            }
          }
        },
        "imurmurhash": {
          "version": "https://registry.npm.taobao.org/imurmurhash/download/imurmurhash-0.1.4.tgz",
          "bundled": true
        },
        "is-glob": {
          "version": "https://registry.npm.taobao.org/is-glob/download/is-glob-4.0.1.tgz",
          "bundled": true,
          "dependencies": {
            "is-extglob": {
              "version": "https://registry.npm.taobao.org/is-extglob/download/is-extglob-2.1.1.tgz",
              "bundled": true
            }
          }
        },
        "js-yaml": {
          "version": "https://registry.npm.taobao.org/js-yaml/download/js-yaml-3.14.0.tgz?cache=0&sync_timestamp=1590172281856&other_urls=https%3A%2F%2Fregistry.npm.taobao.org%2Fjs-yaml%2Fdownload%2Fjs-yaml-3.14.0.tgz",
          "bundled": true
        },
        "json-stable-stringify-without-jsonify": {
          "version": "https://registry.npm.taobao.org/json-stable-stringify-without-jsonify/download/json-stable-stringify-without-jsonify-1.0.1.tgz",
          "bundled": true
        },
        "levn": {
          "version": "https://registry.npm.taobao.org/levn/download/levn-0.4.1.tgz",
          "bundled": true
        },
        "lodash": {
          "version": "https://registry.npm.taobao.org/lodash/download/lodash-4.17.15.tgz",
          "bundled": true
        },
        "minimatch": {
          "version": "https://registry.npm.taobao.org/minimatch/download/minimatch-3.0.4.tgz",
          "bundled": true,
          "dependencies": {
            "brace-expansion": {
              "version": "https://registry.npm.taobao.org/brace-expansion/download/brace-expansion-1.1.11.tgz"
            }
          }
        },
        "natural-compare": {
          "version": "https://registry.npm.taobao.org/natural-compare/download/natural-compare-1.4.0.tgz",
          "bundled": true
        },
        "optionator": {
          "version": "https://registry.npm.taobao.org/optionator/download/optionator-0.9.1.tgz?cache=0&sync_timestamp=1585966141328&other_urls=https%3A%2F%2Fregistry.npm.taobao.org%2Foptionator%2Fdownload%2Foptionator-0.9.1.tgz",
          "bundled": true
        },
        "progress": {
          "version": "https://registry.npm.taobao.org/progress/download/progress-2.0.3.tgz",
          "bundled": true
        },
        "regexpp": {
          "version": "https://registry.npm.taobao.org/regexpp/download/regexpp-3.1.0.tgz",
          "bundled": true
        },
        "semver": {
          "version": "https://registry.npm.taobao.org/semver/download/semver-7.3.2.tgz",
          "bundled": true
        },
        "strip-ansi": {
          "version": "https://registry.npm.taobao.org/strip-ansi/download/strip-ansi-6.0.0.tgz?cache=0&sync_timestamp=1591174987598&other_urls=https%3A%2F%2Fregistry.npm.taobao.org%2Fstrip-ansi%2Fdownload%2Fstrip-ansi-6.0.0.tgz",
          "bundled": true
        },
        "strip-json-comments": {
          "version": "https://registry.npm.taobao.org/strip-json-comments/download/strip-json-comments-3.1.0.tgz?cache=0&sync_timestamp=1586160054577&other_urls=https%3A%2F%2Fregistry.npm.taobao.org%2Fstrip-json-comments%2Fdownload%2Fstrip-json-comments-3.1.0.tgz",
          "bundled": true
        },
        "table": {
          "version": "https://registry.npm.taobao.org/table/download/table-5.4.6.tgz",
          "bundled": true
        },
        "text-table": {
          "version": "https://registry.npm.taobao.org/text-table/download/text-table-0.2.0.tgz",
          "bundled": true
        },
        "v8-compile-cache": {
          "version": "https://registry.npm.taobao.org/v8-compile-cache/download/v8-compile-cache-2.1.1.tgz?cache=0&sync_timestamp=1590871780233&other_urls=https%3A%2F%2Fregistry.npm.taobao.org%2Fv8-compile-cache%2Fdownload%2Fv8-compile-cache-2.1.1.tgz",
          "bundled": true
        }
      }
    },
    "eslint-plugin-vue": {
      "version": "6.2.2",
      "resolved": "https://registry.npm.taobao.org/eslint-plugin-vue/download/eslint-plugin-vue-6.2.2.tgz?cache=0&sync_timestamp=1593500345264&other_urls=https%3A%2F%2Fregistry.npm.taobao.org%2Feslint-plugin-vue%2Fdownload%2Feslint-plugin-vue-6.2.2.tgz",
      "integrity": "sha1-J/7NmjokeJsPER7N1UCp5WGY4P4=",
      "dev": true,
      "requires": {
        "natural-compare": "^1.4.0",
        "semver": "^5.6.0",
        "vue-eslint-parser": "^7.0.0"
      },
      "dependencies": {
        "semver": {
          "version": "5.7.1",
          "resolved": "https://registry.npm.taobao.org/semver/download/semver-5.7.1.tgz",
          "integrity": "sha1-qVT5Ma66UI0we78Gnv8MAclhFvc=",
          "dev": true
        }
      }
    },
    "eslint-scope": {
      "version": "5.1.0",
      "resolved": "https://registry.npm.taobao.org/eslint-scope/download/eslint-scope-5.1.0.tgz?cache=0&sync_timestamp=1591269986906&other_urls=https%3A%2F%2Fregistry.npm.taobao.org%2Feslint-scope%2Fdownload%2Feslint-scope-5.1.0.tgz",
      "dev": true,
      "dependencies": {
        "esrecurse": {
          "version": "https://registry.npm.taobao.org/esrecurse/download/esrecurse-4.2.1.tgz",
          "bundled": true
        },
        "estraverse": {
          "version": "https://registry.npm.taobao.org/estraverse/download/estraverse-4.3.0.tgz?cache=0&sync_timestamp=1586968779444&other_urls=https%3A%2F%2Fregistry.npm.taobao.org%2Festraverse%2Fdownload%2Festraverse-4.3.0.tgz",
          "bundled": true
        }
      }
    },
    "eslint-visitor-keys": {
      "version": "1.3.0",
      "resolved": "https://registry.npm.taobao.org/eslint-visitor-keys/download/eslint-visitor-keys-1.3.0.tgz?cache=0&sync_timestamp=1592583183037&other_urls=https%3A%2F%2Fregistry.npm.taobao.org%2Feslint-visitor-keys%2Fdownload%2Feslint-visitor-keys-1.3.0.tgz",
      "dev": true
    },
    "husky": {
      "version": "4.2.5",
      "resolved": "https://registry.npm.taobao.org/husky/download/husky-4.2.5.tgz",
      "dev": true,
      "dependencies": {
        "chalk": {
          "version": "https://registry.npm.taobao.org/chalk/download/chalk-4.1.0.tgz?cache=0&sync_timestamp=1591687028262&other_urls=https%3A%2F%2Fregistry.npm.taobao.org%2Fchalk%2Fdownload%2Fchalk-4.1.0.tgz",
          "dependencies": {
            "ansi-styles": {
              "version": "https://registry.npm.taobao.org/ansi-styles/download/ansi-styles-4.2.1.tgz",
              "bundled": true
            },
            "supports-color": {
              "version": "https://registry.npm.taobao.org/supports-color/download/supports-color-7.1.0.tgz",
              "bundled": true
            }
          }
        },
        "ci-info": {
          "version": "https://registry.npm.taobao.org/ci-info/download/ci-info-2.0.0.tgz"
        },
        "compare-versions": {
          "version": "https://registry.npm.taobao.org/compare-versions/download/compare-versions-3.6.0.tgz"
        },
        "cosmiconfig": {
          "version": "https://registry.npm.taobao.org/cosmiconfig/download/cosmiconfig-6.0.0.tgz"
        },
        "find-versions": {
          "version": "https://registry.npm.taobao.org/find-versions/download/find-versions-3.2.0.tgz"
        },
        "opencollective-postinstall": {
          "version": "https://registry.npm.taobao.org/opencollective-postinstall/download/opencollective-postinstall-2.0.3.tgz?cache=0&other_urls=https%3A%2F%2Fregistry.npm.taobao.org%2Fopencollective-postinstall%2Fdownload%2Fopencollective-postinstall-2.0.3.tgz"
        },
        "pkg-dir": {
          "version": "https://registry.npm.taobao.org/pkg-dir/download/pkg-dir-4.2.0.tgz"
        },
        "please-upgrade-node": {
          "version": "https://registry.npm.taobao.org/please-upgrade-node/download/please-upgrade-node-3.2.0.tgz"
        },
        "slash": {
          "version": "https://registry.npm.taobao.org/slash/download/slash-3.0.0.tgz"
        },
        "which-pm-runs": {
          "version": "https://registry.npm.taobao.org/which-pm-runs/download/which-pm-runs-1.0.0.tgz"
        }
      }
    },
    "natural-compare": {
      "version": "1.4.0",
      "resolved": "https://registry.npm.taobao.org/natural-compare/download/natural-compare-1.4.0.tgz",
      "dev": true
    },
    "vue-eslint-parser": {
      "version": "7.1.0",
      "resolved": "https://registry.npm.taobao.org/vue-eslint-parser/download/vue-eslint-parser-7.1.0.tgz?cache=0&sync_timestamp=1589539313907&other_urls=https%3A%2F%2Fregistry.npm.taobao.org%2Fvue-eslint-parser%2Fdownload%2Fvue-eslint-parser-7.1.0.tgz",
      "integrity": "sha1-nNvMgj5lawh1B6GRFzK4Z6wQHoM=",
      "dev": true,
      "requires": {
        "debug": "^4.1.1",
        "eslint-scope": "^5.0.0",
        "eslint-visitor-keys": "^1.1.0",
        "espree": "^6.2.1",
        "esquery": "^1.0.1",
        "lodash": "^4.17.15"
      },
      "dependencies": {
        "acorn-jsx": {
          "version": "5.2.0",
          "resolved": "https://registry.npm.taobao.org/acorn-jsx/download/acorn-jsx-5.2.0.tgz",
          "integrity": "sha1-TGYGkXPW/daO2FI5/CViJhgrLr4=",
          "dev": true
        },
        "espree": {
          "version": "6.2.1",
          "resolved": "https://registry.npm.taobao.org/espree/download/espree-6.2.1.tgz?cache=0&sync_timestamp=1591269387241&other_urls=https%3A%2F%2Fregistry.npm.taobao.org%2Fespree%2Fdownload%2Fespree-6.2.1.tgz",
          "integrity": "sha1-d/xy4f10SiBSwg84pbV1gy6Cc0o=",
          "dev": true,
          "requires": {
            "acorn": "^7.1.1",
            "acorn-jsx": "^5.2.0",
            "eslint-visitor-keys": "^1.1.0"
          }
        },
        "esquery": {
          "version": "1.3.1",
          "resolved": "https://registry.npm.taobao.org/esquery/download/esquery-1.3.1.tgz?cache=0&other_urls=https%3A%2F%2Fregistry.npm.taobao.org%2Fesquery%2Fdownload%2Fesquery-1.3.1.tgz",
          "integrity": "sha1-t4tYKKqOIU4p+3TE1bdS4cAz2lc=",
          "dev": true,
          "requires": {
            "estraverse": "^5.1.0"
          }
        },
        "estraverse": {
          "version": "5.1.0",
          "resolved": "https://registry.npm.taobao.org/estraverse/download/estraverse-5.1.0.tgz?cache=0&sync_timestamp=1586968779444&other_urls=https%3A%2F%2Fregistry.npm.taobao.org%2Festraverse%2Fdownload%2Festraverse-5.1.0.tgz",
          "integrity": "sha1-N0MJ05/ZNa5QDnuS6Ka0xyDllkI=",
          "dev": true
        },
        "lodash": {
          "version": "4.17.15",
          "resolved": "https://registry.npm.taobao.org/lodash/download/lodash-4.17.15.tgz?cache=0&other_urls=https%3A%2F%2Fregistry.npm.taobao.org%2Flodash%2Fdownload%2Flodash-4.17.15.tgz",
          "integrity": "sha1-tEf2ZwoEVbv+7dETku/zMOoJdUg=",
          "dev": true
        }
      }
    }
  }
}
